
Microsoft Visual Studio Solution File, Format Version 12.00
# Visual Studio Version 17
VisualStudioVersion = 17.11.35219.272
MinimumVisualStudioVersion = 10.0.40219.1
Project("{FAE04EC0-301F-11D3-BF4B-00C04F79EFBC}") = "BL", "BL\BL.csproj", "{AF0F17CB-7B3F-4396-AE46-955B66D0EB4F}"
EndProject
Project("{FAE04EC0-301F-11D3-BF4B-00C04F79EFBC}") = "DAL", "DAL\DAL.csproj", "{1A126354-BD10-4A39-9CCE-0C33D6766AEC}"
EndProject
Project("{FAE04EC0-301F-11D3-BF4B-00C04F79EFBC}") = "Guncel_Kur_DbAPI", "Guncel_Kur_DbAPI\Guncel_Kur_DbAPI.csproj", "{306C80E5-4D8E-47BB-ABE5-7951B8FBC125}"
EndProject
Global
	GlobalSection(SolutionConfigurationPlatforms) = preSolution
		Debug|Any CPU = Debug|Any CPU
		Release|Any CPU = Release|Any CPU
	EndGlobalSection
	GlobalSection(ProjectConfigurationPlatforms) = postSolution
		{AF0F17CB-7B3F-4396-AE46-955B66D0EB4F}.Debug|Any CPU.ActiveCfg = Debug|Any CPU
		{AF0F17CB-7B3F-4396-AE46-955B66D0EB4F}.Debug|Any CPU.Build.0 = Debug|Any CPU
		{AF0F17CB-7B3F-4396-AE46-955B66D0EB4F}.Release|Any CPU.ActiveCfg = Release|Any CPU
		{AF0F17CB-7B3F-4396-AE46-955B66D0EB4F}.Release|Any CPU.Build.0 = Release|Any CPU
		{1A126354-BD10-4A39-9CCE-0C33D6766AEC}.Debug|Any CPU.ActiveCfg = Debug|Any CPU
		{1A126354-BD10-4A39-9CCE-0C33D6766AEC}.Debug|Any CPU.Build.0 = Debug|Any CPU
		{1A126354-BD10-4A39-9CCE-0C33D6766AEC}.Release|Any CPU.ActiveCfg = Release|Any CPU
		{1A126354-BD10-4A39-9CCE-0C33D6766AEC}.Release|Any CPU.Build.0 = Release|Any CPU
		{306C80E5-4D8E-47BB-ABE5-7951B8FBC125}.Debug|Any CPU.ActiveCfg = Debug|Any CPU
		{306C80E5-4D8E-47BB-ABE5-7951B8FBC125}.Debug|Any CPU.Build.0 = Debug|Any CPU
		{306C80E5-4D8E-47BB-ABE5-7951B8FBC125}.Release|Any CPU.ActiveCfg = Release|Any CPU
		{306C80E5-4D8E-47BB-ABE5-7951B8FBC125}.Release|Any CPU.Build.0 = Release|Any CPU
	EndGlobalSection
	GlobalSection(SolutionProperties) = preSolution
		HideSolutionNode = FALSE
	EndGlobalSection
	GlobalSection(ExtensibilityGlobals) = postSolution
		SolutionGuid = {AC17B476-B2A0-4529-8D8B-E48E00635DC0}
	EndGlobalSection
EndGlobal
